
Microsoft Visual Studio Solution File, Format Version 12.00
# Visual Studio 15
VisualStudioVersion = 15.0.28307.902
MinimumVisualStudioVersion = 10.0.40219.1
Project("{FAE04EC0-301F-11D3-BF4B-00C04F79EFBC}") = "ManualAuth", "ManualAuth\ManualAuth.csproj", "{1AC84EB0-20E3-438F-8B5E-91AC78E1D599}"
EndProject
Global
	GlobalSection(SolutionConfigurationPlatforms) = preSolution
		Debug|Any CPU = Debug|Any CPU
		Release|Any CPU = Release|Any CPU
	EndGlobalSection
	GlobalSection(ProjectConfigurationPlatforms) = postSolution
		{1AC84EB0-20E3-438F-8B5E-91AC78E1D599}.Debug|Any CPU.ActiveCfg = Debug|Any CPU
		{1AC84EB0-20E3-438F-8B5E-91AC78E1D599}.Debug|Any CPU.Build.0 = Debug|Any CPU
		{1AC84EB0-20E3-438F-8B5E-91AC78E1D599}.Release|Any CPU.ActiveCfg = Release|Any CPU
		{1AC84EB0-20E3-438F-8B5E-91AC78E1D599}.Release|Any CPU.Build.0 = Release|Any CPU
	EndGlobalSection
	GlobalSection(SolutionProperties) = preSolution
		HideSolutionNode = FALSE
	EndGlobalSection
	GlobalSection(ExtensibilityGlobals) = postSolution
		SolutionGuid = {ED72565B-1880-4E11-A61D-496C3CD8B05C}
	EndGlobalSection
EndGlobal
